
Microsoft Visual Studio Solution File, Format Version 12.00
# Visual Studio 15
VisualStudioVersion = 15.0.28010.2048
MinimumVisualStudioVersion = 10.0.40219.1
Project("{FAE04EC0-301F-11D3-BF4B-00C04F79EFBC}") = "ContosoUniversity2", "ContosoUniversity2\ContosoUniversity2.csproj", "{BEADF05F-1D73-439F-9C57-D33C005B2730}"
EndProject
Global
	GlobalSection(SolutionConfigurationPlatforms) = preSolution
		Debug|Any CPU = Debug|Any CPU
		Release|Any CPU = Release|Any CPU
	EndGlobalSection
	GlobalSection(ProjectConfigurationPlatforms) = postSolution
		{BEADF05F-1D73-439F-9C57-D33C005B2730}.Debug|Any CPU.ActiveCfg = Debug|Any CPU
		{BEADF05F-1D73-439F-9C57-D33C005B2730}.Debug|Any CPU.Build.0 = Debug|Any CPU
		{BEADF05F-1D73-439F-9C57-D33C005B2730}.Release|Any CPU.ActiveCfg = Release|Any CPU
		{BEADF05F-1D73-439F-9C57-D33C005B2730}.Release|Any CPU.Build.0 = Release|Any CPU
	EndGlobalSection
	GlobalSection(SolutionProperties) = preSolution
		HideSolutionNode = FALSE
	EndGlobalSection
	GlobalSection(ExtensibilityGlobals) = postSolution
		SolutionGuid = {7B559AEE-A91B-42E5-9B06-6CF6611EF825}
	EndGlobalSection
EndGlobal
